
Microsoft Visual Studio Solution File, Format Version 12.00
# Visual Studio 15
VisualStudioVersion = 15.0.27004.2008
MinimumVisualStudioVersion = 10.0.40219.1
Project("{FAE04EC0-301F-11D3-BF4B-00C04F79EFBC}") = "algorithms", "htmlpage\algorithms.csproj", "{4A488D88-6CB3-49E8-A82D-C8EFFE983542}"
EndProject
Global
	GlobalSection(SolutionConfigurationPlatforms) = preSolution
		Debug|Any CPU = Debug|Any CPU
		Release|Any CPU = Release|Any CPU
	EndGlobalSection
	GlobalSection(ProjectConfigurationPlatforms) = postSolution
		{4A488D88-6CB3-49E8-A82D-C8EFFE983542}.Debug|Any CPU.ActiveCfg = Debug|Any CPU
		{4A488D88-6CB3-49E8-A82D-C8EFFE983542}.Debug|Any CPU.Build.0 = Debug|Any CPU
		{4A488D88-6CB3-49E8-A82D-C8EFFE983542}.Release|Any CPU.ActiveCfg = Release|Any CPU
		{4A488D88-6CB3-49E8-A82D-C8EFFE983542}.Release|Any CPU.Build.0 = Release|Any CPU
	EndGlobalSection
	GlobalSection(SolutionProperties) = preSolution
		HideSolutionNode = FALSE
	EndGlobalSection
	GlobalSection(ExtensibilityGlobals) = postSolution
		SolutionGuid = {E31719EA-2334-41F2-8675-5A317B9B4374}
	EndGlobalSection
EndGlobal
